
Microsoft Visual Studio Solution File, Format Version 12.00
# Visual Studio Version 16
VisualStudioVersion = 16.0.29326.143
MinimumVisualStudioVersion = 10.0.40219.1
Project("{FAE04EC0-301F-11D3-BF4B-00C04F79EFBC}") = "laba3.5", "laba3.5\laba3.5.csproj", "{C0E2998D-3D5E-4BCB-8CF5-35377231C417}"
EndProject
Global
	GlobalSection(SolutionConfigurationPlatforms) = preSolution
		Debug|Any CPU = Debug|Any CPU
		Release|Any CPU = Release|Any CPU
	EndGlobalSection
	GlobalSection(ProjectConfigurationPlatforms) = postSolution
		{C0E2998D-3D5E-4BCB-8CF5-35377231C417}.Debug|Any CPU.ActiveCfg = Debug|Any CPU
		{C0E2998D-3D5E-4BCB-8CF5-35377231C417}.Debug|Any CPU.Build.0 = Debug|Any CPU
		{C0E2998D-3D5E-4BCB-8CF5-35377231C417}.Release|Any CPU.ActiveCfg = Release|Any CPU
		{C0E2998D-3D5E-4BCB-8CF5-35377231C417}.Release|Any CPU.Build.0 = Release|Any CPU
	EndGlobalSection
	GlobalSection(SolutionProperties) = preSolution
		HideSolutionNode = FALSE
	EndGlobalSection
	GlobalSection(ExtensibilityGlobals) = postSolution
		SolutionGuid = {C8442189-4BE5-47F2-A2E4-F446CDB2E8C7}
	EndGlobalSection
EndGlobal
