
Microsoft Visual Studio Solution File, Format Version 12.00
# Visual Studio Version 16
VisualStudioVersion = 16.0.29326.143
MinimumVisualStudioVersion = 10.0.40219.1
Project("{FAE04EC0-301F-11D3-BF4B-00C04F79EFBC}") = "laba3.2", "laba3.2\laba3.2.csproj", "{A260CCC8-15B8-43B6-9032-BEBB49C51620}"
EndProject
Global
	GlobalSection(SolutionConfigurationPlatforms) = preSolution
		Debug|Any CPU = Debug|Any CPU
		Release|Any CPU = Release|Any CPU
	EndGlobalSection
	GlobalSection(ProjectConfigurationPlatforms) = postSolution
		{A260CCC8-15B8-43B6-9032-BEBB49C51620}.Debug|Any CPU.ActiveCfg = Debug|Any CPU
		{A260CCC8-15B8-43B6-9032-BEBB49C51620}.Debug|Any CPU.Build.0 = Debug|Any CPU
		{A260CCC8-15B8-43B6-9032-BEBB49C51620}.Release|Any CPU.ActiveCfg = Release|Any CPU
		{A260CCC8-15B8-43B6-9032-BEBB49C51620}.Release|Any CPU.Build.0 = Release|Any CPU
	EndGlobalSection
	GlobalSection(SolutionProperties) = preSolution
		HideSolutionNode = FALSE
	EndGlobalSection
	GlobalSection(ExtensibilityGlobals) = postSolution
		SolutionGuid = {2ABC8F23-CEBB-4A0A-97E9-8CFFB61939DC}
	EndGlobalSection
EndGlobal
